
Microsoft Visual Studio Solution File, Format Version 12.00
# Visual Studio Version 16
VisualStudioVersion = 16.0.31613.86
MinimumVisualStudioVersion = 10.0.40219.1
Project("{FAE04EC0-301F-11D3-BF4B-00C04F79EFBC}") = "teste", "teste\teste.csproj", "{146C940F-21CB-4D37-A92F-DFF038E229CB}"
EndProject
Global
	GlobalSection(SolutionConfigurationPlatforms) = preSolution
		Debug|Any CPU = Debug|Any CPU
		Release|Any CPU = Release|Any CPU
	EndGlobalSection
	GlobalSection(ProjectConfigurationPlatforms) = postSolution
		{146C940F-21CB-4D37-A92F-DFF038E229CB}.Debug|Any CPU.ActiveCfg = Debug|Any CPU
		{146C940F-21CB-4D37-A92F-DFF038E229CB}.Debug|Any CPU.Build.0 = Debug|Any CPU
		{146C940F-21CB-4D37-A92F-DFF038E229CB}.Release|Any CPU.ActiveCfg = Release|Any CPU
		{146C940F-21CB-4D37-A92F-DFF038E229CB}.Release|Any CPU.Build.0 = Release|Any CPU
	EndGlobalSection
	GlobalSection(SolutionProperties) = preSolution
		HideSolutionNode = FALSE
	EndGlobalSection
	GlobalSection(ExtensibilityGlobals) = postSolution
		SolutionGuid = {B3480290-7E74-4B4A-81D1-7CEDF7D3699F}
	EndGlobalSection
EndGlobal
